
Microsoft Visual Studio Solution File, Format Version 12.00
# Visual Studio 2013
VisualStudioVersion = 12.0.21005.1
MinimumVisualStudioVersion = 10.0.40219.1
Project("{FAE04EC0-301F-11D3-BF4B-00C04F79EFBC}") = "SportsStore.Domain", "SportsStore.Domain\SportsStore.Domain.csproj", "{F49C7139-222A-45DE-B9DB-F4C7E2289CBA}"
EndProject
Project("{FAE04EC0-301F-11D3-BF4B-00C04F79EFBC}") = "SportsStore.WebUI", "SportsStore.WebUI\SportsStore.WebUI.csproj", "{9A6257F9-45EF-40E8-B13B-25B6A884F8D0}"
EndProject
Project("{FAE04EC0-301F-11D3-BF4B-00C04F79EFBC}") = "SportsStore.UnitTests", "SportsStore.UnitTests\SportsStore.UnitTests.csproj", "{89AE5279-912C-4896-B4D6-E27CDFFA8021}"
EndProject
Global
	GlobalSection(SolutionConfigurationPlatforms) = preSolution
		Debug|Any CPU = Debug|Any CPU
		Release|Any CPU = Release|Any CPU
	EndGlobalSection
	GlobalSection(ProjectConfigurationPlatforms) = postSolution
		{F49C7139-222A-45DE-B9DB-F4C7E2289CBA}.Debug|Any CPU.ActiveCfg = Debug|Any CPU
		{F49C7139-222A-45DE-B9DB-F4C7E2289CBA}.Debug|Any CPU.Build.0 = Debug|Any CPU
		{F49C7139-222A-45DE-B9DB-F4C7E2289CBA}.Release|Any CPU.ActiveCfg = Release|Any CPU
		{F49C7139-222A-45DE-B9DB-F4C7E2289CBA}.Release|Any CPU.Build.0 = Release|Any CPU
		{9A6257F9-45EF-40E8-B13B-25B6A884F8D0}.Debug|Any CPU.ActiveCfg = Debug|Any CPU
		{9A6257F9-45EF-40E8-B13B-25B6A884F8D0}.Debug|Any CPU.Build.0 = Debug|Any CPU
		{9A6257F9-45EF-40E8-B13B-25B6A884F8D0}.Release|Any CPU.ActiveCfg = Release|Any CPU
		{9A6257F9-45EF-40E8-B13B-25B6A884F8D0}.Release|Any CPU.Build.0 = Release|Any CPU
		{89AE5279-912C-4896-B4D6-E27CDFFA8021}.Debug|Any CPU.ActiveCfg = Debug|Any CPU
		{89AE5279-912C-4896-B4D6-E27CDFFA8021}.Debug|Any CPU.Build.0 = Debug|Any CPU
		{89AE5279-912C-4896-B4D6-E27CDFFA8021}.Release|Any CPU.ActiveCfg = Release|Any CPU
		{89AE5279-912C-4896-B4D6-E27CDFFA8021}.Release|Any CPU.Build.0 = Release|Any CPU
	EndGlobalSection
	GlobalSection(SolutionProperties) = preSolution
		HideSolutionNode = FALSE
	EndGlobalSection
EndGlobal
